{
  "name": "notebooks",
  "lockfileVersion": 3,
  "requires": true,
  "packages": {
    "": {
      "dependencies": {
        "mystmd": "^1.9.0"
      }
    },
    "node_modules/mystmd": {
      "version": "1.9.0",
      "resolved": "https://registry.npmjs.org/mystmd/-/mystmd-1.9.0.tgz",
      "integrity": "sha512-8vqtwB0ydxdmAwPmXTyzEXIAF1xdxo6/rCdP9sKytHtJ2whRKpeJGSjk/awYja065GEpoeNJa30zgS/pPjYh0A==",
      "license": "MIT",
      "bin": {
        "myst": "dist/myst.cjs"
      }
    }
  }
}
